Microsoft Visual Studio Solution File, Format Version 12.00
# Visual Studio Version 17
VisualStudioVersion = 17.5.2.0
MinimumVisualStudioVersion = 10.0.40219.1
Project("{FAE04EC0-301F-11D3-BF4B-00C04F79EFBC}") = "ArvoreAVL", "ArvoreAVL.csproj", "{547B58E4-2605-9DF8-7ECE-3B793C17C3F9}"
EndProject
Global
	GlobalSection(SolutionConfigurationPlatforms) = preSolution
		Debug|Any CPU = Debug|Any CPU
		Release|Any CPU = Release|Any CPU
	EndGlobalSection
	GlobalSection(ProjectConfigurationPlatforms) = postSolution
		{547B58E4-2605-9DF8-7ECE-3B793C17C3F9}.Debug|Any CPU.ActiveCfg = Debug|Any CPU
		{547B58E4-2605-9DF8-7ECE-3B793C17C3F9}.Debug|Any CPU.Build.0 = Debug|Any CPU
		{547B58E4-2605-9DF8-7ECE-3B793C17C3F9}.Release|Any CPU.ActiveCfg = Release|Any CPU
		{547B58E4-2605-9DF8-7ECE-3B793C17C3F9}.Release|Any CPU.Build.0 = Release|Any CPU
	EndGlobalSection
	GlobalSection(SolutionProperties) = preSolution
		HideSolutionNode = FALSE
	EndGlobalSection
	GlobalSection(ExtensibilityGlobals) = postSolution
		SolutionGuid = {58273EFA-99AA-486C-B742-7DC74B4AE58D}
	EndGlobalSection
EndGlobal
